
Microsoft Visual Studio Solution File, Format Version 12.00
# Visual Studio Version 16
VisualStudioVersion = 16.0.30503.244
MinimumVisualStudioVersion = 10.0.40219.1
Project("{FAE04EC0-301F-11D3-BF4B-00C04F79EFBC}") = "dotRiftPeek", "dotRiftPeek\dotRiftPeek.csproj", "{62B628B1-21B7-40B9-AF3E-752E710FA571}"
EndProject
Global
	GlobalSection(SolutionConfigurationPlatforms) = preSolution
		Debug|Any CPU = Debug|Any CPU
		Release|Any CPU = Release|Any CPU
	EndGlobalSection
	GlobalSection(ProjectConfigurationPlatforms) = postSolution
		{62B628B1-21B7-40B9-AF3E-752E710FA571}.Debug|Any CPU.ActiveCfg = Debug|Any CPU
		{62B628B1-21B7-40B9-AF3E-752E710FA571}.Debug|Any CPU.Build.0 = Debug|Any CPU
		{62B628B1-21B7-40B9-AF3E-752E710FA571}.Release|Any CPU.ActiveCfg = Release|Any CPU
		{62B628B1-21B7-40B9-AF3E-752E710FA571}.Release|Any CPU.Build.0 = Release|Any CPU
	EndGlobalSection
	GlobalSection(SolutionProperties) = preSolution
		HideSolutionNode = FALSE
	EndGlobalSection
	GlobalSection(ExtensibilityGlobals) = postSolution
		SolutionGuid = {DFC05E24-DAC9-45F7-9988-10F98C34E08B}
	EndGlobalSection
EndGlobal
