
Microsoft Visual Studio Solution File, Format Version 12.00
# Visual Studio Version 16
VisualStudioVersion = 16.0.30503.244
MinimumVisualStudioVersion = 10.0.40219.1
Project("{9A19103F-16F7-4668-BE54-9A1E7A4F7556}") = "Pyke", "..\Pyke\Pyke\Pyke\Pyke.csproj", "{66E3EF1D-41F3-45F7-A9F1-739D4714A970}"
EndProject
Project("{FAE04EC0-301F-11D3-BF4B-00C04F79EFBC}") = "DotRiftPeek", "DotRiftPeek\DotRiftPeek.csproj", "{CBD0477D-C268-415C-917E-D2842284800C}"
EndProject
Global
	GlobalSection(SolutionConfigurationPlatforms) = preSolution
		Debug|Any CPU = Debug|Any CPU
		Release|Any CPU = Release|Any CPU
	EndGlobalSection
	GlobalSection(ProjectConfigurationPlatforms) = postSolution
		{66E3EF1D-41F3-45F7-A9F1-739D4714A970}.Debug|Any CPU.ActiveCfg = Debug|Any CPU
		{66E3EF1D-41F3-45F7-A9F1-739D4714A970}.Debug|Any CPU.Build.0 = Debug|Any CPU
		{66E3EF1D-41F3-45F7-A9F1-739D4714A970}.Release|Any CPU.ActiveCfg = Release|Any CPU
		{66E3EF1D-41F3-45F7-A9F1-739D4714A970}.Release|Any CPU.Build.0 = Release|Any CPU
		{CBD0477D-C268-415C-917E-D2842284800C}.Debug|Any CPU.ActiveCfg = Debug|Any CPU
		{CBD0477D-C268-415C-917E-D2842284800C}.Debug|Any CPU.Build.0 = Debug|Any CPU
		{CBD0477D-C268-415C-917E-D2842284800C}.Release|Any CPU.ActiveCfg = Release|Any CPU
		{CBD0477D-C268-415C-917E-D2842284800C}.Release|Any CPU.Build.0 = Release|Any CPU
	EndGlobalSection
	GlobalSection(SolutionProperties) = preSolution
		HideSolutionNode = FALSE
	EndGlobalSection
	GlobalSection(ExtensibilityGlobals) = postSolution
		SolutionGuid = {DFC05E24-DAC9-45F7-9988-10F98C34E08B}
	EndGlobalSection
EndGlobal
